# THIS IS AN AUTOGENERATED FILE. DO NOT EDIT THIS FILE DIRECTLY.
# yarn lockfile v1


bluebird@^3.5.0:
  version "3.5.0"
  resolved "https://registry.yarnpkg.com/bluebird/-/bluebird-3.5.0.tgz#791420d7f551eea2897453a8a77653f96606d67c"

lodash@^4.17.4:
  version "4.17.4"
  resolved "https://registry.yarnpkg.com/lodash/-/lodash-4.17.4.tgz#78203a4d1c328ae1d86dca6460e369b57f4055ae"

password-validator@^3.0.0:
  version "3.0.0"
  resolved "https://registry.yarnpkg.com/password-validator/-/password-validator-3.0.0.tgz#a852ddacc999faf7f26576e3f753c26ce0fab48b"

serialize-error@^2.1.0:
  version "2.1.0"
  resolved "https://registry.yarnpkg.com/serialize-error/-/serialize-error-2.1.0.tgz#50b679d5635cdf84667bdc8e59af4e5b81d5f60a"

validator@^7.0.0:
  version "7.0.0"
  resolved "https://registry.yarnpkg.com/validator/-/validator-7.0.0.tgz#c74deb8063512fac35547938e6f0b1504a282fd2"
